
Microsoft Visual Studio Solution File, Format Version 12.00
# Visual Studio Version 17
VisualStudioVersion = 17.14.36109.1
MinimumVisualStudioVersion = 10.0.40219.1
Project("{2150E333-8FDC-42A3-9474-1A3956D46DE8}") = "Src", "Src", "{02EA681E-C7D8-13C7-8484-4AC65E1B71E8}"
EndProject
Project("{2150E333-8FDC-42A3-9474-1A3956D46DE8}") = "Tests", "Tests", "{6611CAD0-B8D5-4391-982F-1245746EFF25}"
EndProject
Project("{FAE04EC0-301F-11D3-BF4B-00C04F79EFBC}") = "Afrowave.SharedTools", "Afrowave.SharedTools\Afrowave.SharedTools.csproj", "{FEEE98AC-E051-4B3B-A008-AB2727BBE21C}"
EndProject
Project("{FAE04EC0-301F-11D3-BF4B-00C04F79EFBC}") = "Afrowave.SharedTools.Models", "Afrowave.SharedTools.Models\Afrowave.SharedTools.Models.csproj", "{07EF8374-0A48-4919-A09B-6E219E0D01B3}"
EndProject
Project("{FAE04EC0-301F-11D3-BF4B-00C04F79EFBC}") = "Afrowave.SharedTools.Helpers", "Afrowave.SharedTools.Helpers\Afrowave.SharedTools.Helpers.csproj", "{83701EE9-D65B-46C1-B64B-3FFA6F602179}"
EndProject
Project("{FAE04EC0-301F-11D3-BF4B-00C04F79EFBC}") = "Afrowave.SharedTools.Terminal", "Afrowave.SharedTools.Terminal\Afrowave.SharedTools.Terminal.csproj", "{C7BCC337-9C04-4C1A-B845-9865D77935BD}"
EndProject
Project("{FAE04EC0-301F-11D3-BF4B-00C04F79EFBC}") = "Afrowave.SharedTools.IO", "Afrowave.SharedTools.IO\Afrowave.SharedTools.IO.csproj", "{05307371-173D-44E4-932F-8653E54B28F7}"
EndProject
Project("{FAE04EC0-301F-11D3-BF4B-00C04F79EFBC}") = "Afrowave.SharedTools.Localization", "Afrowave.SharedTools.Localization\Afrowave.SharedTools.Localization.csproj", "{62C2F264-1D02-43C5-BA6F-82C9B703FFA0}"
EndProject
Project("{FAE04EC0-301F-11D3-BF4B-00C04F79EFBC}") = "Afrowave.SharedTools.Abstractions", "Afrowave.SharedTools.Abstractions\Afrowave.SharedTools.Abstractions.csproj", "{858D51EB-1603-42A7-BD3C-E6AF170EC11A}"
EndProject
Project("{FAE04EC0-301F-11D3-BF4B-00C04F79EFBC}") = "Afrowave.SharedTools.Tests", "Afrowave.SharedTools.Tests\Afrowave.SharedTools.Tests.csproj", "{4C99DCF4-14CD-435C-88DB-9A64170DD614}"
EndProject
Project("{FAE04EC0-301F-11D3-BF4B-00C04F79EFBC}") = "Afrowave.SharedTools.EF", "Afrowave.SharedTools.EF\Afrowave.SharedTools.EF.csproj", "{E086E068-B74B-4D9E-B421-D06743D495B4}"
EndProject
Project("{FAE04EC0-301F-11D3-BF4B-00C04F79EFBC}") = "Afrowave.SharedTools.Json", "Afrowave.SharedTools.Json\Afrowave.SharedTools.Json.csproj", "{B0A3D2D9-0471-4BE5-A146-2563220DDF18}"
EndProject
Project("{FAE04EC0-301F-11D3-BF4B-00C04F79EFBC}") = "Afrowave.SharedTools.Api", "Afrowave.SharedTools.Api\Afrowave.SharedTools.Api.csproj", "{D98729E2-BFF2-4BCF-84EC-56B5E137FB54}"
EndProject
Project("{FAE04EC0-301F-11D3-BF4B-00C04F79EFBC}") = "Afrowave.SharedTools.Blazor", "Afrowave.SharedTools.Blazor\Afrowave.SharedTools.Blazor.csproj", "{E0BB6F3C-2DBD-4919-BE89-DFD547A2D1FF}"
EndProject
Project("{FAE04EC0-301F-11D3-BF4B-00C04F79EFBC}") = "Afrowave.SharedTools.Validation", "Afrowave.SharedTools.Validation\Afrowave.SharedTools.Validation.csproj", "{65581454-9B7B-45D4-93FF-87F727E5B50D}"
EndProject
Project("{FAE04EC0-301F-11D3-BF4B-00C04F79EFBC}") = "Afrowave.SharedTools.Time", "Afrowave.SharedTools.Time\Afrowave.SharedTools.Time.csproj", "{2B482C93-D090-44E3-8AD8-6C700F353BAA}"
EndProject
Project("{FAE04EC0-301F-11D3-BF4B-00C04F79EFBC}") = "Afrowave.SharedTools.Text", "Afrowave.SharedTools.Text\Afrowave.SharedTools.Text.csproj", "{3A645CE4-1BC5-4135-9FA0-AA6D1A13953E}"
EndProject
Project("{2150E333-8FDC-42A3-9474-1A3956D46DE8}") = "Položky řešení", "Položky řešení", "{73E6DEBC-5D85-E032-7380-14D1E53616C6}"
	ProjectSection(SolutionItems) = preProject
		Modules.md = Modules.md
	EndProjectSection
EndProject
Project("{2150E333-8FDC-42A3-9474-1A3956D46DE8}") = "Examples", "Examples", "{29B25D8B-DC9A-4A7A-BF09-E366ADB60528}"
EndProject
Project("{2150E333-8FDC-42A3-9474-1A3956D46DE8}") = "Localization", "Localization", "{8BA53AC0-1113-41AE-B6D4-67196A110F04}"
EndProject
Project("{FAE04EC0-301F-11D3-BF4B-00C04F79EFBC}") = "Afrowave.SharedTools.Localization.Backend.Folder", "Afrowave.SharedTools.Localization.Backend.Folder\Afrowave.SharedTools.Localization.Backend.Folder.csproj", "{EAA36A5A-D0B7-4577-9CE4-DD8831E03067}"
EndProject
Project("{FAE04EC0-301F-11D3-BF4B-00C04F79EFBC}") = "Afrowave.SharedTools.Localization.Backend.Api", "Afrowave.SharedTools.Localization.Backend.Api\Afrowave.SharedTools.Localization.Backend.Api.csproj", "{ABD9E696-8237-4296-8832-70EEC38EFC8E}"
EndProject
Project("{FAE04EC0-301F-11D3-BF4B-00C04F79EFBC}") = "Afrowave.SharedTools.Localization.Backend.Memory", "Afrowave.SharedTools.Localization.Backend.Memory\Afrowave.SharedTools.Localization.Backend.Memory.csproj", "{C13BCDEA-0A16-4C7A-BC42-5F236B9621E2}"
EndProject
Project("{FAE04EC0-301F-11D3-BF4B-00C04F79EFBC}") = "Afrowave.SharedTools.Localization.Translation.LibreTranslate", "Afrowave.SharedTools.Localization.Translation.LibreTranslate\Afrowave.SharedTools.Localization.Translation.LibreTranslate.csproj", "{AEFA9B9D-ACB2-4FCE-AD28-0326F33BE230}"
EndProject
Project("{FAE04EC0-301F-11D3-BF4B-00C04F79EFBC}") = "Afrowave.SharedTools.Localization.Frontend.SpectreConsole", "Afrowave.SharedTools.Localization.Frontend.SpectreConsole\Afrowave.SharedTools.Localization.Frontend.SpectreConsole.csproj", "{CE71F693-6D90-4312-9069-F391BA6138BE}"
EndProject
Project("{FAE04EC0-301F-11D3-BF4B-00C04F79EFBC}") = "Afrowave.SharedTools.Localization.Backend.Mock", "Afrowave.SharedTools.Localization.Backend.Mock\Afrowave.SharedTools.Localization.Backend.Mock.csproj", "{6538ED96-DC9C-4EDA-9B7C-DDA21ACB266C}"
	ProjectSection(ProjectDependencies) = postProject
		{62C2F264-1D02-43C5-BA6F-82C9B703FFA0} = {62C2F264-1D02-43C5-BA6F-82C9B703FFA0}
	EndProjectSection
EndProject
Project("{FAE04EC0-301F-11D3-BF4B-00C04F79EFBC}") = "Afrowave.SharedTools.Localization.Common", "Afrowave.SharedTools.Localization.Common\Afrowave.SharedTools.Localization.Common.csproj", "{4A4809DB-697F-425A-96FE-300543033F0D}"
EndProject
Global
	GlobalSection(SolutionConfigurationPlatforms) = preSolution
		Debug|Any CPU = Debug|Any CPU
		Release|Any CPU = Release|Any CPU
	EndGlobalSection
	GlobalSection(ProjectConfigurationPlatforms) = postSolution
		{FEEE98AC-E051-4B3B-A008-AB2727BBE21C}.Debug|Any CPU.ActiveCfg = Debug|Any CPU
		{FEEE98AC-E051-4B3B-A008-AB2727BBE21C}.Debug|Any CPU.Build.0 = Debug|Any CPU
		{FEEE98AC-E051-4B3B-A008-AB2727BBE21C}.Release|Any CPU.ActiveCfg = Release|Any CPU
		{FEEE98AC-E051-4B3B-A008-AB2727BBE21C}.Release|Any CPU.Build.0 = Release|Any CPU
		{07EF8374-0A48-4919-A09B-6E219E0D01B3}.Debug|Any CPU.ActiveCfg = Debug|Any CPU
		{07EF8374-0A48-4919-A09B-6E219E0D01B3}.Debug|Any CPU.Build.0 = Debug|Any CPU
		{07EF8374-0A48-4919-A09B-6E219E0D01B3}.Release|Any CPU.ActiveCfg = Release|Any CPU
		{07EF8374-0A48-4919-A09B-6E219E0D01B3}.Release|Any CPU.Build.0 = Release|Any CPU
		{83701EE9-D65B-46C1-B64B-3FFA6F602179}.Debug|Any CPU.ActiveCfg = Debug|Any CPU
		{83701EE9-D65B-46C1-B64B-3FFA6F602179}.Debug|Any CPU.Build.0 = Debug|Any CPU
		{83701EE9-D65B-46C1-B64B-3FFA6F602179}.Release|Any CPU.ActiveCfg = Release|Any CPU
		{83701EE9-D65B-46C1-B64B-3FFA6F602179}.Release|Any CPU.Build.0 = Release|Any CPU
		{C7BCC337-9C04-4C1A-B845-9865D77935BD}.Debug|Any CPU.ActiveCfg = Debug|Any CPU
		{C7BCC337-9C04-4C1A-B845-9865D77935BD}.Debug|Any CPU.Build.0 = Debug|Any CPU
		{C7BCC337-9C04-4C1A-B845-9865D77935BD}.Release|Any CPU.ActiveCfg = Release|Any CPU
		{C7BCC337-9C04-4C1A-B845-9865D77935BD}.Release|Any CPU.Build.0 = Release|Any CPU
		{05307371-173D-44E4-932F-8653E54B28F7}.Debug|Any CPU.ActiveCfg = Debug|Any CPU
		{05307371-173D-44E4-932F-8653E54B28F7}.Debug|Any CPU.Build.0 = Debug|Any CPU
		{05307371-173D-44E4-932F-8653E54B28F7}.Release|Any CPU.ActiveCfg = Release|Any CPU
		{05307371-173D-44E4-932F-8653E54B28F7}.Release|Any CPU.Build.0 = Release|Any CPU
		{62C2F264-1D02-43C5-BA6F-82C9B703FFA0}.Debug|Any CPU.ActiveCfg = Debug|Any CPU
		{62C2F264-1D02-43C5-BA6F-82C9B703FFA0}.Debug|Any CPU.Build.0 = Debug|Any CPU
		{62C2F264-1D02-43C5-BA6F-82C9B703FFA0}.Release|Any CPU.ActiveCfg = Release|Any CPU
		{62C2F264-1D02-43C5-BA6F-82C9B703FFA0}.Release|Any CPU.Build.0 = Release|Any CPU
		{858D51EB-1603-42A7-BD3C-E6AF170EC11A}.Debug|Any CPU.ActiveCfg = Debug|Any CPU
		{858D51EB-1603-42A7-BD3C-E6AF170EC11A}.Debug|Any CPU.Build.0 = Debug|Any CPU
		{858D51EB-1603-42A7-BD3C-E6AF170EC11A}.Release|Any CPU.ActiveCfg = Release|Any CPU
		{858D51EB-1603-42A7-BD3C-E6AF170EC11A}.Release|Any CPU.Build.0 = Release|Any CPU
		{4C99DCF4-14CD-435C-88DB-9A64170DD614}.Debug|Any CPU.ActiveCfg = Debug|Any CPU
		{4C99DCF4-14CD-435C-88DB-9A64170DD614}.Debug|Any CPU.Build.0 = Debug|Any CPU
		{4C99DCF4-14CD-435C-88DB-9A64170DD614}.Release|Any CPU.ActiveCfg = Release|Any CPU
		{4C99DCF4-14CD-435C-88DB-9A64170DD614}.Release|Any CPU.Build.0 = Release|Any CPU
		{E086E068-B74B-4D9E-B421-D06743D495B4}.Debug|Any CPU.ActiveCfg = Debug|Any CPU
		{E086E068-B74B-4D9E-B421-D06743D495B4}.Debug|Any CPU.Build.0 = Debug|Any CPU
		{E086E068-B74B-4D9E-B421-D06743D495B4}.Release|Any CPU.ActiveCfg = Release|Any CPU
		{E086E068-B74B-4D9E-B421-D06743D495B4}.Release|Any CPU.Build.0 = Release|Any CPU
		{B0A3D2D9-0471-4BE5-A146-2563220DDF18}.Debug|Any CPU.ActiveCfg = Debug|Any CPU
		{B0A3D2D9-0471-4BE5-A146-2563220DDF18}.Debug|Any CPU.Build.0 = Debug|Any CPU
		{B0A3D2D9-0471-4BE5-A146-2563220DDF18}.Release|Any CPU.ActiveCfg = Release|Any CPU
		{B0A3D2D9-0471-4BE5-A146-2563220DDF18}.Release|Any CPU.Build.0 = Release|Any CPU
		{D98729E2-BFF2-4BCF-84EC-56B5E137FB54}.Debug|Any CPU.ActiveCfg = Debug|Any CPU
		{D98729E2-BFF2-4BCF-84EC-56B5E137FB54}.Debug|Any CPU.Build.0 = Debug|Any CPU
		{D98729E2-BFF2-4BCF-84EC-56B5E137FB54}.Release|Any CPU.ActiveCfg = Release|Any CPU
		{D98729E2-BFF2-4BCF-84EC-56B5E137FB54}.Release|Any CPU.Build.0 = Release|Any CPU
		{E0BB6F3C-2DBD-4919-BE89-DFD547A2D1FF}.Debug|Any CPU.ActiveCfg = Debug|Any CPU
		{E0BB6F3C-2DBD-4919-BE89-DFD547A2D1FF}.Debug|Any CPU.Build.0 = Debug|Any CPU
		{E0BB6F3C-2DBD-4919-BE89-DFD547A2D1FF}.Release|Any CPU.ActiveCfg = Release|Any CPU
		{E0BB6F3C-2DBD-4919-BE89-DFD547A2D1FF}.Release|Any CPU.Build.0 = Release|Any CPU
		{65581454-9B7B-45D4-93FF-87F727E5B50D}.Debug|Any CPU.ActiveCfg = Debug|Any CPU
		{65581454-9B7B-45D4-93FF-87F727E5B50D}.Debug|Any CPU.Build.0 = Debug|Any CPU
		{65581454-9B7B-45D4-93FF-87F727E5B50D}.Release|Any CPU.ActiveCfg = Release|Any CPU
		{65581454-9B7B-45D4-93FF-87F727E5B50D}.Release|Any CPU.Build.0 = Release|Any CPU
		{2B482C93-D090-44E3-8AD8-6C700F353BAA}.Debug|Any CPU.ActiveCfg = Debug|Any CPU
		{2B482C93-D090-44E3-8AD8-6C700F353BAA}.Debug|Any CPU.Build.0 = Debug|Any CPU
		{2B482C93-D090-44E3-8AD8-6C700F353BAA}.Release|Any CPU.ActiveCfg = Release|Any CPU
		{2B482C93-D090-44E3-8AD8-6C700F353BAA}.Release|Any CPU.Build.0 = Release|Any CPU
		{3A645CE4-1BC5-4135-9FA0-AA6D1A13953E}.Debug|Any CPU.ActiveCfg = Debug|Any CPU
		{3A645CE4-1BC5-4135-9FA0-AA6D1A13953E}.Debug|Any CPU.Build.0 = Debug|Any CPU
		{3A645CE4-1BC5-4135-9FA0-AA6D1A13953E}.Release|Any CPU.ActiveCfg = Release|Any CPU
		{3A645CE4-1BC5-4135-9FA0-AA6D1A13953E}.Release|Any CPU.Build.0 = Release|Any CPU
		{EAA36A5A-D0B7-4577-9CE4-DD8831E03067}.Debug|Any CPU.ActiveCfg = Debug|Any CPU
		{EAA36A5A-D0B7-4577-9CE4-DD8831E03067}.Debug|Any CPU.Build.0 = Debug|Any CPU
		{EAA36A5A-D0B7-4577-9CE4-DD8831E03067}.Release|Any CPU.ActiveCfg = Release|Any CPU
		{EAA36A5A-D0B7-4577-9CE4-DD8831E03067}.Release|Any CPU.Build.0 = Release|Any CPU
		{ABD9E696-8237-4296-8832-70EEC38EFC8E}.Debug|Any CPU.ActiveCfg = Debug|Any CPU
		{ABD9E696-8237-4296-8832-70EEC38EFC8E}.Debug|Any CPU.Build.0 = Debug|Any CPU
		{ABD9E696-8237-4296-8832-70EEC38EFC8E}.Release|Any CPU.ActiveCfg = Release|Any CPU
		{ABD9E696-8237-4296-8832-70EEC38EFC8E}.Release|Any CPU.Build.0 = Release|Any CPU
		{C13BCDEA-0A16-4C7A-BC42-5F236B9621E2}.Debug|Any CPU.ActiveCfg = Debug|Any CPU
		{C13BCDEA-0A16-4C7A-BC42-5F236B9621E2}.Debug|Any CPU.Build.0 = Debug|Any CPU
		{C13BCDEA-0A16-4C7A-BC42-5F236B9621E2}.Release|Any CPU.ActiveCfg = Release|Any CPU
		{C13BCDEA-0A16-4C7A-BC42-5F236B9621E2}.Release|Any CPU.Build.0 = Release|Any CPU
		{AEFA9B9D-ACB2-4FCE-AD28-0326F33BE230}.Debug|Any CPU.ActiveCfg = Debug|Any CPU
		{AEFA9B9D-ACB2-4FCE-AD28-0326F33BE230}.Debug|Any CPU.Build.0 = Debug|Any CPU
		{AEFA9B9D-ACB2-4FCE-AD28-0326F33BE230}.Release|Any CPU.ActiveCfg = Release|Any CPU
		{AEFA9B9D-ACB2-4FCE-AD28-0326F33BE230}.Release|Any CPU.Build.0 = Release|Any CPU
		{CE71F693-6D90-4312-9069-F391BA6138BE}.Debug|Any CPU.ActiveCfg = Debug|Any CPU
		{CE71F693-6D90-4312-9069-F391BA6138BE}.Debug|Any CPU.Build.0 = Debug|Any CPU
		{CE71F693-6D90-4312-9069-F391BA6138BE}.Release|Any CPU.ActiveCfg = Release|Any CPU
		{CE71F693-6D90-4312-9069-F391BA6138BE}.Release|Any CPU.Build.0 = Release|Any CPU
		{6538ED96-DC9C-4EDA-9B7C-DDA21ACB266C}.Debug|Any CPU.ActiveCfg = Debug|Any CPU
		{6538ED96-DC9C-4EDA-9B7C-DDA21ACB266C}.Debug|Any CPU.Build.0 = Debug|Any CPU
		{6538ED96-DC9C-4EDA-9B7C-DDA21ACB266C}.Release|Any CPU.ActiveCfg = Release|Any CPU
		{6538ED96-DC9C-4EDA-9B7C-DDA21ACB266C}.Release|Any CPU.Build.0 = Release|Any CPU
		{4A4809DB-697F-425A-96FE-300543033F0D}.Debug|Any CPU.ActiveCfg = Debug|Any CPU
		{4A4809DB-697F-425A-96FE-300543033F0D}.Debug|Any CPU.Build.0 = Debug|Any CPU
		{4A4809DB-697F-425A-96FE-300543033F0D}.Release|Any CPU.ActiveCfg = Release|Any CPU
		{4A4809DB-697F-425A-96FE-300543033F0D}.Release|Any CPU.Build.0 = Release|Any CPU
	EndGlobalSection
	GlobalSection(SolutionProperties) = preSolution
		HideSolutionNode = FALSE
	EndGlobalSection
	GlobalSection(NestedProjects) = preSolution
		{FEEE98AC-E051-4B3B-A008-AB2727BBE21C} = {02EA681E-C7D8-13C7-8484-4AC65E1B71E8}
		{07EF8374-0A48-4919-A09B-6E219E0D01B3} = {02EA681E-C7D8-13C7-8484-4AC65E1B71E8}
		{83701EE9-D65B-46C1-B64B-3FFA6F602179} = {02EA681E-C7D8-13C7-8484-4AC65E1B71E8}
		{C7BCC337-9C04-4C1A-B845-9865D77935BD} = {02EA681E-C7D8-13C7-8484-4AC65E1B71E8}
		{05307371-173D-44E4-932F-8653E54B28F7} = {02EA681E-C7D8-13C7-8484-4AC65E1B71E8}
		{62C2F264-1D02-43C5-BA6F-82C9B703FFA0} = {8BA53AC0-1113-41AE-B6D4-67196A110F04}
		{858D51EB-1603-42A7-BD3C-E6AF170EC11A} = {02EA681E-C7D8-13C7-8484-4AC65E1B71E8}
		{4C99DCF4-14CD-435C-88DB-9A64170DD614} = {6611CAD0-B8D5-4391-982F-1245746EFF25}
		{E086E068-B74B-4D9E-B421-D06743D495B4} = {02EA681E-C7D8-13C7-8484-4AC65E1B71E8}
		{B0A3D2D9-0471-4BE5-A146-2563220DDF18} = {02EA681E-C7D8-13C7-8484-4AC65E1B71E8}
		{D98729E2-BFF2-4BCF-84EC-56B5E137FB54} = {02EA681E-C7D8-13C7-8484-4AC65E1B71E8}
		{E0BB6F3C-2DBD-4919-BE89-DFD547A2D1FF} = {02EA681E-C7D8-13C7-8484-4AC65E1B71E8}
		{65581454-9B7B-45D4-93FF-87F727E5B50D} = {02EA681E-C7D8-13C7-8484-4AC65E1B71E8}
		{2B482C93-D090-44E3-8AD8-6C700F353BAA} = {02EA681E-C7D8-13C7-8484-4AC65E1B71E8}
		{3A645CE4-1BC5-4135-9FA0-AA6D1A13953E} = {02EA681E-C7D8-13C7-8484-4AC65E1B71E8}
		{8BA53AC0-1113-41AE-B6D4-67196A110F04} = {02EA681E-C7D8-13C7-8484-4AC65E1B71E8}
		{EAA36A5A-D0B7-4577-9CE4-DD8831E03067} = {8BA53AC0-1113-41AE-B6D4-67196A110F04}
		{ABD9E696-8237-4296-8832-70EEC38EFC8E} = {8BA53AC0-1113-41AE-B6D4-67196A110F04}
		{C13BCDEA-0A16-4C7A-BC42-5F236B9621E2} = {8BA53AC0-1113-41AE-B6D4-67196A110F04}
		{AEFA9B9D-ACB2-4FCE-AD28-0326F33BE230} = {8BA53AC0-1113-41AE-B6D4-67196A110F04}
		{CE71F693-6D90-4312-9069-F391BA6138BE} = {8BA53AC0-1113-41AE-B6D4-67196A110F04}
		{6538ED96-DC9C-4EDA-9B7C-DDA21ACB266C} = {8BA53AC0-1113-41AE-B6D4-67196A110F04}
		{4A4809DB-697F-425A-96FE-300543033F0D} = {8BA53AC0-1113-41AE-B6D4-67196A110F04}
	EndGlobalSection
	GlobalSection(ExtensibilityGlobals) = postSolution
		SolutionGuid = {0A1E5EFA-9EB7-40F9-A9FD-4999E1F1EE25}
	EndGlobalSection
EndGlobal
